Microsoft Visual Studio Solution File, Format Version 12.00
# Visual Studio 2012
Project("{FAE04EC0-301F-11D3-BF4B-00C04F79EFBC}") = "godot", "godot.csproj", "{AB169F36-8DEB-4605-A910-012F363E8DD7}"
EndProject
Global
	GlobalSection(SolutionConfigurationPlatforms) = preSolution
	Debug|Any CPU = Debug|Any CPU
	Release|Any CPU = Release|Any CPU
	Tools|Any CPU = Tools|Any CPU
	EndGlobalSection
	GlobalSection(ProjectConfigurationPlatforms) = postSolution
		{AB169F36-8DEB-4605-A910-012F363E8DD7}.Debug|Any CPU.ActiveCfg = Debug|Any CPU
		{AB169F36-8DEB-4605-A910-012F363E8DD7}.Debug|Any CPU.Build.0 = Debug|Any CPU
		{AB169F36-8DEB-4605-A910-012F363E8DD7}.Release|Any CPU.ActiveCfg = Release|Any CPU
		{AB169F36-8DEB-4605-A910-012F363E8DD7}.Release|Any CPU.Build.0 = Release|Any CPU
		{AB169F36-8DEB-4605-A910-012F363E8DD7}.Tools|Any CPU.ActiveCfg = Tools|Any CPU
		{AB169F36-8DEB-4605-A910-012F363E8DD7}.Tools|Any CPU.Build.0 = Tools|Any CPU
	EndGlobalSection
EndGlobal
